
Microsoft Visual Studio Solution File, Format Version 12.00
# Visual Studio 15
VisualStudioVersion = 15.0.28010.2016
MinimumVisualStudioVersion = 10.0.40219.1
Project("{9A19103F-16F7-4668-BE54-9A1E7A4F7556}") = "DataFlow.Functions", "DataFlow.Functions\DataFlow.Functions.csproj", "{A035F16F-2411-4709-A697-FABE4DDFAC08}"
EndProject
Project("{2150E333-8FDC-42A3-9474-1A3956D46DE8}") = "Sample Data", "Sample Data", "{46CCBDB1-3DFC-4520-9CE8-C8441BC531A7}"
	ProjectSection(SolutionItems) = preProject
		Sample Data\Data.zip = Sample Data\Data.zip
		Sample Data\Data1.json = Sample Data\Data1.json
		Sample Data\Data2.json = Sample Data\Data2.json
		Sample Data\Data3.json = Sample Data\Data3.json
	EndProjectSection
EndProject
Project("{2150E333-8FDC-42A3-9474-1A3956D46DE8}") = "Solution Items", "Solution Items", "{38D404E6-B00F-478A-8BD6-864C8B61C7E5}"
	ProjectSection(SolutionItems) = preProject
		.gitignore = .gitignore
		README.md = README.md
	EndProjectSection
EndProject
Project("{2150E333-8FDC-42A3-9474-1A3956D46DE8}") = "Prerequisites", "Prerequisites", "{CBE0F853-7B12-43AB-90CD-06641386154C}"
	ProjectSection(SolutionItems) = preProject
		Prerequisites\resources.tf = Prerequisites\resources.tf
	EndProjectSection
EndProject
Global
	GlobalSection(SolutionConfigurationPlatforms) = preSolution
		Debug|Any CPU = Debug|Any CPU
		Release|Any CPU = Release|Any CPU
	EndGlobalSection
	GlobalSection(ProjectConfigurationPlatforms) = postSolution
		{A035F16F-2411-4709-A697-FABE4DDFAC08}.Debug|Any CPU.ActiveCfg = Debug|Any CPU
		{A035F16F-2411-4709-A697-FABE4DDFAC08}.Debug|Any CPU.Build.0 = Debug|Any CPU
		{A035F16F-2411-4709-A697-FABE4DDFAC08}.Release|Any CPU.ActiveCfg = Release|Any CPU
		{A035F16F-2411-4709-A697-FABE4DDFAC08}.Release|Any CPU.Build.0 = Release|Any CPU
	EndGlobalSection
	GlobalSection(SolutionProperties) = preSolution
		HideSolutionNode = FALSE
	EndGlobalSection
	GlobalSection(ExtensibilityGlobals) = postSolution
		SolutionGuid = {66C947A5-FD84-4116-A54D-4CB3E00F90BC}
	EndGlobalSection
EndGlobal
